
Microsoft Visual Studio Solution File, Format Version 12.00
# Visual Studio Version 17
VisualStudioVersion = 17.5.33530.505
MinimumVisualStudioVersion = 10.0.40219.1
Project("{FAE04EC0-301F-11D3-BF4B-00C04F79EFBC}") = "DemExam2023", "DemExam2023\DemExam2023.csproj", "{D3DAAA31-FEDD-4499-BEE9-CF737A464862}"
EndProject
Global
	GlobalSection(SolutionConfigurationPlatforms) = preSolution
		Debug|Any CPU = Debug|Any CPU
		Release|Any CPU = Release|Any CPU
	EndGlobalSection
	GlobalSection(ProjectConfigurationPlatforms) = postSolution
		{D3DAAA31-FEDD-4499-BEE9-CF737A464862}.Debug|Any CPU.ActiveCfg = Debug|Any CPU
		{D3DAAA31-FEDD-4499-BEE9-CF737A464862}.Debug|Any CPU.Build.0 = Debug|Any CPU
		{D3DAAA31-FEDD-4499-BEE9-CF737A464862}.Release|Any CPU.ActiveCfg = Release|Any CPU
		{D3DAAA31-FEDD-4499-BEE9-CF737A464862}.Release|Any CPU.Build.0 = Release|Any CPU
	EndGlobalSection
	GlobalSection(SolutionProperties) = preSolution
		HideSolutionNode = FALSE
	EndGlobalSection
	GlobalSection(ExtensibilityGlobals) = postSolution
		SolutionGuid = {205FFCCD-78F1-4641-B338-1ECC1CDC5383}
	EndGlobalSection
EndGlobal
